// !$*UTF8*$!
{
	archiveVersion = 1;
	classes = {
	};
	objectVersion = 56;
	objects = {

/* Begin PBXBuildFile section */
		AC4B97C62A68AC4700F62455 /* FirebaseBootcampApp.swift in Sources */ = {isa = PBXBuildFile; fileRef = AC4B97C52A68AC4700F62455 /* FirebaseBootcampApp.swift */; };
		AC4B97C82A68AC4700F62455 /* ContentView.swift in Sources */ = {isa = PBXBuildFile; fileRef = AC4B97C72A68AC4700F62455 /* ContentView.swift */; };
		AC4B97CA2A68AC4800F62455 /* Assets.xcassets in Resources */ = {isa = PBXBuildFile; fileRef = AC4B97C92A68AC4800F62455 /* Assets.xcassets */; };
		AC4B97CD2A68AC4800F62455 /* Preview Assets.xcassets in Resources */ = {isa = PBXBuildFile; fileRef = AC4B97CC2A68AC4800F62455 /* Preview Assets.xcassets */; };
		AC4B97D42A68AE3600F62455 /* GoogleService-Info.plist in Resources */ = {isa = PBXBuildFile; fileRef = AC4B97D32A68AE3600F62455 /* GoogleService-Info.plist */; };
		AC4B97D72A68B0EA00F62455 /* FirebaseAnalytics in Frameworks */ = {isa = PBXBuildFile; productRef = AC4B97D62A68B0EA00F62455 /* FirebaseAnalytics */; };
		AC4B97D92A68B0EA00F62455 /* FirebaseAnalyticsSwift in Frameworks */ = {isa = PBXBuildFile; productRef = AC4B97D82A68B0EA00F62455 /* FirebaseAnalyticsSwift */; };
		AC4B97DC2A693E3000F62455 /* FirebaseAuth in Frameworks */ = {isa = PBXBuildFile; productRef = AC4B97DB2A693E3000F62455 /* FirebaseAuth */; };
		AC4B97DF2A693EE200F62455 /* AuthenticationView.swift in Sources */ = {isa = PBXBuildFile; fileRef = AC4B97DE2A693EE200F62455 /* AuthenticationView.swift */; };
		AC4B97E12A6945C300F62455 /* SignInEmailView.swift in Sources */ = {isa = PBXBuildFile; fileRef = AC4B97E02A6945C300F62455 /* SignInEmailView.swift */; };
		AC4B97E32A6950D900F62455 /* AuthenticationManager.swift in Sources */ = {isa = PBXBuildFile; fileRef = AC4B97E22A6950D900F62455 /* AuthenticationManager.swift */; };
		AC4B97E52A6955BA00F62455 /* RootView.swift in Sources */ = {isa = PBXBuildFile; fileRef = AC4B97E42A6955BA00F62455 /* RootView.swift */; };
		AC4B97E72A69586800F62455 /* SettingsView.swift in Sources */ = {isa = PBXBuildFile; fileRef = AC4B97E62A69586800F62455 /* SettingsView.swift */; };
/* End PBXBuildFile section */

/* Begin PBXFileReference section */
		AC4B97C22A68AC4700F62455 /* FirebaseBootcamp.app */ = {isa = PBXFileReference; explicitFileType = wrapper.application; includeInIndex = 0; path = FirebaseBootcamp.app; sourceTree = BUILT_PRODUCTS_DIR; };
		AC4B97C52A68AC4700F62455 /* FirebaseBootcampApp.swift */ = {isa = PBXFileReference; lastKnownFileType = sourcecode.swift; path = FirebaseBootcampApp.swift; sourceTree = "<group>"; };
		AC4B97C72A68AC4700F62455 /* ContentView.swift */ = {isa = PBXFileReference; lastKnownFileType = sourcecode.swift; path = ContentView.swift; sourceTree = "<group>"; };
		AC4B97C92A68AC4800F62455 /* Assets.xcassets */ = {isa = PBXFileReference; lastKnownFileType = folder.assetcatalog; path = Assets.xcassets; sourceTree = "<group>"; };
		AC4B97CC2A68AC4800F62455 /* Preview Assets.xcassets */ = {isa = PBXFileReference; lastKnownFileType = folder.assetcatalog; path = "Preview Assets.xcassets"; sourceTree = "<group>"; };
		AC4B97D32A68AE3600F62455 /* GoogleService-Info.plist */ = {isa = PBXFileReference; fileEncoding = 4; lastKnownFileType = text.plist.xml; path = "GoogleService-Info.plist"; sourceTree = "<group>"; };
		AC4B97DE2A693EE200F62455 /* AuthenticationView.swift */ = {isa = PBXFileReference; lastKnownFileType = sourcecode.swift; path = AuthenticationView.swift; sourceTree = "<group>"; };
		AC4B97E02A6945C300F62455 /* SignInEmailView.swift */ = {isa = PBXFileReference; lastKnownFileType = sourcecode.swift; path = SignInEmailView.swift; sourceTree = "<group>"; };
		AC4B97E22A6950D900F62455 /* AuthenticationManager.swift */ = {isa = PBXFileReference; lastKnownFileType = sourcecode.swift; path = AuthenticationManager.swift; sourceTree = "<group>"; };
		AC4B97E42A6955BA00F62455 /* RootView.swift */ = {isa = PBXFileReference; lastKnownFileType = sourcecode.swift; path = RootView.swift; sourceTree = "<group>"; };
		AC4B97E62A69586800F62455 /* SettingsView.swift */ = {isa = PBXFileReference; lastKnownFileType = sourcecode.swift; path = SettingsView.swift; sourceTree = "<group>"; };
/* End PBXFileReference section */

/* Begin PBXFrameworksBuildPhase section */
		AC4B97BF2A68AC4700F62455 /* Frameworks */ = {
			isa = PBXFrameworksBuildPhase;
			buildActionMask = 2147483647;
			files = (
				AC4B97D92A68B0EA00F62455 /* FirebaseAnalyticsSwift in Frameworks */,
				AC4B97DC2A693E3000F62455 /* FirebaseAuth in Frameworks */,
				AC4B97D72A68B0EA00F62455 /* FirebaseAnalytics in Frameworks */,
			);
			runOnlyForDeploymentPostprocessing = 0;
		};
/* End PBXFrameworksBuildPhase section */

/* Begin PBXGroup section */
		AC4B97B92A68AC4700F62455 = {
			isa = PBXGroup;
			children = (
				AC4B97C42A68AC4700F62455 /* FirebaseBootcamp */,
				AC4B97C32A68AC4700F62455 /* Products */,
				AC4B97DA2A693E3000F62455 /* Frameworks */,
			);
			sourceTree = "<group>";
		};
		AC4B97C32A68AC4700F62455 /* Products */ = {
			isa = PBXGroup;
			children = (
				AC4B97C22A68AC4700F62455 /* FirebaseBootcamp.app */,
			);
			name = Products;
			sourceTree = "<group>";
		};
		AC4B97C42A68AC4700F62455 /* FirebaseBootcamp */ = {
			isa = PBXGroup;
			children = (
				AC4B97C52A68AC4700F62455 /* FirebaseBootcampApp.swift */,
				AC4B97C72A68AC4700F62455 /* ContentView.swift */,
				AC4B97DD2A693E9B00F62455 /* Authentication */,
				AC4B97C92A68AC4800F62455 /* Assets.xcassets */,
				AC4B97D32A68AE3600F62455 /* GoogleService-Info.plist */,
				AC4B97CB2A68AC4800F62455 /* Preview Content */,
			);
			path = FirebaseBootcamp;
			sourceTree = "<group>";
		};
		AC4B97CB2A68AC4800F62455 /* Preview Content */ = {
			isa = PBXGroup;
			children = (
				AC4B97CC2A68AC4800F62455 /* Preview Assets.xcassets */,
			);
			path = "Preview Content";
			sourceTree = "<group>";
		};
		AC4B97DA2A693E3000F62455 /* Frameworks */ = {
			isa = PBXGroup;
			children = (
			);
			name = Frameworks;
			sourceTree = "<group>";
		};
		AC4B97DD2A693E9B00F62455 /* Authentication */ = {
			isa = PBXGroup;
			children = (
				AC4B97DE2A693EE200F62455 /* AuthenticationView.swift */,
				AC4B97E02A6945C300F62455 /* SignInEmailView.swift */,
				AC4B97E22A6950D900F62455 /* AuthenticationManager.swift */,
				AC4B97E62A69586800F62455 /* SettingsView.swift */,
				AC4B97E42A6955BA00F62455 /* RootView.swift */,
			);
			path = Authentication;
			sourceTree = "<group>";
		};
/* End PBXGroup section */

/* Begin PBXNativeTarget section */
		AC4B97C12A68AC4700F62455 /* FirebaseBootcamp */ = {
			isa = PBXNativeTarget;
			buildConfigurationList = AC4B97D02A68AC4800F62455 /* Build configuration list for PBXNativeTarget "FirebaseBootcamp" */;
			buildPhases = (
				AC4B97BE2A68AC4700F62455 /* Sources */,
				AC4B97BF2A68AC4700F62455 /* Frameworks */,
				AC4B97C02A68AC4700F62455 /* Resources */,
			);
			buildRules = (
			);
			dependencies = (
			);
			name = FirebaseBootcamp;
			packageProductDependencies = (
				AC4B97D62A68B0EA00F62455 /* FirebaseAnalytics */,
				AC4B97D82A68B0EA00F62455 /* FirebaseAnalyticsSwift */,
				AC4B97DB2A693E3000F62455 /* FirebaseAuth */,
			);
			productName = FirebaseBootcamp;
			productReference = AC4B97C22A68AC4700F62455 /* FirebaseBootcamp.app */;
			productType = "com.apple.product-type.application";
		};
/* End PBXNativeTarget section */

/* Begin PBXProject section */
		AC4B97BA2A68AC4700F62455 /* Project object */ = {
			isa = PBXProject;
			attributes = {
				BuildIndependentTargetsInParallel = 1;
				LastSwiftUpdateCheck = 1430;
				LastUpgradeCheck = 1430;
				TargetAttributes = {
					AC4B97C12A68AC4700F62455 = {
						CreatedOnToolsVersion = 14.3.1;
					};
				};
			};
			buildConfigurationList = AC4B97BD2A68AC4700F62455 /* Build configuration list for PBXProject "FirebaseBootcamp" */;
			compatibilityVersion = "Xcode 14.0";
			developmentRegion = en;
			hasScannedForEncodings = 0;
			knownRegions = (
				en,
				Base,
			);
			mainGroup = AC4B97B92A68AC4700F62455;
			packageReferences = (
				AC4B97D52A68B0EA00F62455 /* XCRemoteSwiftPackageReference "firebase-ios-sdk" */,
			);
			productRefGroup = AC4B97C32A68AC4700F62455 /* Products */;
			projectDirPath = "";
			projectRoot = "";
			targets = (
				AC4B97C12A68AC4700F62455 /* FirebaseBootcamp */,
			);
		};
/* End PBXProject section */

/* Begin PBXResourcesBuildPhase section */
		AC4B97C02A68AC4700F62455 /* Resources */ = {
			isa = PBXResourcesBuildPhase;
			buildActionMask = 2147483647;
			files = (
				AC4B97CD2A68AC4800F62455 /* Preview Assets.xcassets in Resources */,
				AC4B97CA2A68AC4800F62455 /* Assets.xcassets in Resources */,
				AC4B97D42A68AE3600F62455 /* GoogleService-Info.plist in Resources */,
			);
			runOnlyForDeploymentPostprocessing = 0;
		};
/* End PBXResourcesBuildPhase section */

/* Begin PBXSourcesBuildPhase section */
		AC4B97BE2A68AC4700F62455 /* Sources */ = {
			isa = PBXSourcesBuildPhase;
			buildActionMask = 2147483647;
			files = (
				AC4B97E72A69586800F62455 /* SettingsView.swift in Sources */,
				AC4B97C82A68AC4700F62455 /* ContentView.swift in Sources */,
				AC4B97C62A68AC4700F62455 /* FirebaseBootcampApp.swift in Sources */,
				AC4B97E52A6955BA00F62455 /* RootView.swift in Sources */,
				AC4B97DF2A693EE200F62455 /* AuthenticationView.swift in Sources */,
				AC4B97E32A6950D900F62455 /* AuthenticationManager.swift in Sources */,
				AC4B97E12A6945C300F62455 /* SignInEmailView.swift in Sources */,
			);
			runOnlyForDeploymentPostprocessing = 0;
		};
/* End PBXSourcesBuildPhase section */

/* Begin XCBuildConfiguration section */
		AC4B97CE2A68AC4800F62455 /* Debug */ = {
			isa = XCBuildConfiguration;
			buildSettings = {
				ALWAYS_SEARCH_USER_PATHS = NO;
				CLANG_ANALYZER_NONNULL = YES;
				CLANG_ANALYZER_NUMBER_OBJECT_CONVERSION = YES_AGGRESSIVE;
				CLANG_CXX_LANGUAGE_STANDARD = "gnu++20";
				CLANG_ENABLE_MODULES = YES;
				CLANG_ENABLE_OBJC_ARC = YES;
				CLANG_ENABLE_OBJC_WEAK = YES;
				CLANG_WARN_BLOCK_CAPTURE_AUTORELEASING = YES;
				CLANG_WARN_BOOL_CONVERSION = YES;
				CLANG_WARN_COMMA = YES;
				CLANG_WARN_CONSTANT_CONVERSION = YES;
				CLANG_WARN_DEPRECATED_OBJC_IMPLEMENTATIONS = YES;
				CLANG_WARN_DIRECT_OBJC_ISA_USAGE = YES_ERROR;
				CLANG_WARN_DOCUMENTATION_COMMENTS = YES;
				CLANG_WARN_EMPTY_BODY = YES;
				CLANG_WARN_ENUM_CONVERSION = YES;
				CLANG_WARN_INFINITE_RECURSION = YES;
				CLANG_WARN_INT_CONVERSION = YES;
				CLANG_WARN_NON_LITERAL_NULL_CONVERSION = YES;
				CLANG_WARN_OBJC_IMPLICIT_RETAIN_SELF = YES;
				CLANG_WARN_OBJC_LITERAL_CONVERSION = YES;
				CLANG_WARN_OBJC_ROOT_CLASS = YES_ERROR;
				CLANG_WARN_QUOTED_INCLUDE_IN_FRAMEWORK_HEADER = YES;
				CLANG_WARN_RANGE_LOOP_ANALYSIS = YES;
				CLANG_WARN_STRICT_PROTOTYPES = YES;
				CLANG_WARN_SUSPICIOUS_MOVE = YES;
				CLANG_WARN_UNGUARDED_AVAILABILITY = YES_AGGRESSIVE;
				CLANG_WARN_UNREACHABLE_CODE = YES;
				CLANG_WARN__DUPLICATE_METHOD_MATCH = YES;
				COPY_PHASE_STRIP = NO;
				DEBUG_INFORMATION_FORMAT = dwarf;
				ENABLE_STRICT_OBJC_MSGSEND = YES;
				ENABLE_TESTABILITY = YES;
				GCC_C_LANGUAGE_STANDARD = gnu11;
				GCC_DYNAMIC_NO_PIC = NO;
				GCC_NO_COMMON_BLOCKS = YES;
				GCC_OPTIMIZATION_LEVEL = 0;
				GCC_PREPROCESSOR_DEFINITIONS = (
					"DEBUG=1",
					"$(inherited)",
				);
				GCC_WARN_64_TO_32_BIT_CONVERSION = YES;
				GCC_WARN_ABOUT_RETURN_TYPE = YES_ERROR;
				GCC_WARN_UNDECLARED_SELECTOR = YES;
				GCC_WARN_UNINITIALIZED_AUTOS = YES_AGGRESSIVE;
				GCC_WARN_UNUSED_FUNCTION = YES;
				GCC_WARN_UNUSED_VARIABLE = YES;
				IPHONEOS_DEPLOYMENT_TARGET = 16.4;
				MTL_ENABLE_DEBUG_INFO = INCLUDE_SOURCE;
				MTL_FAST_MATH = YES;
				ONLY_ACTIVE_ARCH = YES;
				SDKROOT = iphoneos;
				SWIFT_ACTIVE_COMPILATION_CONDITIONS = DEBUG;
				SWIFT_OPTIMIZATION_LEVEL = "-Onone";
			};
			name = Debug;
		};
		AC4B97CF2A68AC4800F62455 /* Release */ = {
			isa = XCBuildConfiguration;
			buildSettings = {
				ALWAYS_SEARCH_USER_PATHS = NO;
				CLANG_ANALYZER_NONNULL = YES;
				CLANG_ANALYZER_NUMBER_OBJECT_CONVERSION = YES_AGGRESSIVE;
				CLANG_CXX_LANGUAGE_STANDARD = "gnu++20";
				CLANG_ENABLE_MODULES = YES;
				CLANG_ENABLE_OBJC_ARC = YES;
				CLANG_ENABLE_OBJC_WEAK = YES;
				CLANG_WARN_BLOCK_CAPTURE_AUTORELEASING = YES;
				CLANG_WARN_BOOL_CONVERSION = YES;
				CLANG_WARN_COMMA = YES;
				CLANG_WARN_CONSTANT_CONVERSION = YES;
				CLANG_WARN_DEPRECATED_OBJC_IMPLEMENTATIONS = YES;
				CLANG_WARN_DIRECT_OBJC_ISA_USAGE = YES_ERROR;
				CLANG_WARN_DOCUMENTATION_COMMENTS = YES;
				CLANG_WARN_EMPTY_BODY = YES;
				CLANG_WARN_ENUM_CONVERSION = YES;
				CLANG_WARN_INFINITE_RECURSION = YES;
				CLANG_WARN_INT_CONVERSION = YES;
				CLANG_WARN_NON_LITERAL_NULL_CONVERSION = YES;
				CLANG_WARN_OBJC_IMPLICIT_RETAIN_SELF = YES;
				CLANG_WARN_OBJC_LITERAL_CONVERSION = YES;
				CLANG_WARN_OBJC_ROOT_CLASS = YES_ERROR;
				CLANG_WARN_QUOTED_INCLUDE_IN_FRAMEWORK_HEADER = YES;
				CLANG_WARN_RANGE_LOOP_ANALYSIS = YES;
				CLANG_WARN_STRICT_PROTOTYPES = YES;
				CLANG_WARN_SUSPICIOUS_MOVE = YES;
				CLANG_WARN_UNGUARDED_AVAILABILITY = YES_AGGRESSIVE;
				CLANG_WARN_UNREACHABLE_CODE = YES;
				CLANG_WARN__DUPLICATE_METHOD_MATCH = YES;
				COPY_PHASE_STRIP = NO;
				DEBUG_INFORMATION_FORMAT = "dwarf-with-dsym";
				ENABLE_NS_ASSERTIONS = NO;
				ENABLE_STRICT_OBJC_MSGSEND = YES;
				GCC_C_LANGUAGE_STANDARD = gnu11;
				GCC_NO_COMMON_BLOCKS = YES;
				GCC_WARN_64_TO_32_BIT_CONVERSION = YES;
				GCC_WARN_ABOUT_RETURN_TYPE = YES_ERROR;
				GCC_WARN_UNDECLARED_SELECTOR = YES;
				GCC_WARN_UNINITIALIZED_AUTOS = YES_AGGRESSIVE;
				GCC_WARN_UNUSED_FUNCTION = YES;
				GCC_WARN_UNUSED_VARIABLE = YES;
				IPHONEOS_DEPLOYMENT_TARGET = 16.4;
				MTL_ENABLE_DEBUG_INFO = NO;
				MTL_FAST_MATH = YES;
				SDKROOT = iphoneos;
				SWIFT_COMPILATION_MODE = wholemodule;
				SWIFT_OPTIMIZATION_LEVEL = "-O";
				VALIDATE_PRODUCT = YES;
			};
			name = Release;
		};
		AC4B97D12A68AC4800F62455 /* Debug */ = {
			isa = XCBuildConfiguration;
			buildSettings = {
				ASSETCATALOG_COMPILER_APPICON_NAME = AppIcon;
				ASSETCATALOG_COMPILER_GLOBAL_ACCENT_COLOR_NAME = AccentColor;
				CODE_SIGN_STYLE = Automatic;
				CURRENT_PROJECT_VERSION = 1;
				DEVELOPMENT_ASSET_PATHS = "\"FirebaseBootcamp/Preview Content\"";
				DEVELOPMENT_TEAM = 482344W3R3;
				ENABLE_PREVIEWS = YES;
				GENERATE_INFOPLIST_FILE = YES;
				INFOPLIST_KEY_UIApplicationSceneManifest_Generation = YES;
				INFOPLIST_KEY_UIApplicationSupportsIndirectInputEvents = YES;
				INFOPLIST_KEY_UILaunchScreen_Generation = YES;
				INFOPLIST_KEY_UISupportedInterfaceOrientations_iPad = "UIInterfaceOrientationPortrait UIInterfaceOrientationPortraitUpsideDown UIInterfaceOrientationLandscapeLeft UIInterfaceOrientationLandscapeRight";
				INFOPLIST_KEY_UISupportedInterfaceOrientations_iPhone = "UIInterfaceOrientationPortrait UIInterfaceOrientationLandscapeLeft UIInterfaceOrientationLandscapeRight";
				LD_RUNPATH_SEARCH_PATHS = (
					"$(inherited)",
					"@executable_path/Frameworks",
				);
				MARKETING_VERSION = 1.0;
				PRODUCT_BUNDLE_IDENTIFIER = Artemaj.FirebaseBootcamp;
				PRODUCT_NAME = "$(TARGET_NAME)";
				SWIFT_EMIT_LOC_STRINGS = YES;
				SWIFT_VERSION = 5.0;
				TARGETED_DEVICE_FAMILY = "1,2";
			};
			name = Debug;
		};
		AC4B97D22A68AC4800F62455 /* Release */ = {
			isa = XCBuildConfiguration;
			buildSettings = {
				ASSETCATALOG_COMPILER_APPICON_NAME = AppIcon;
				ASSETCATALOG_COMPILER_GLOBAL_ACCENT_COLOR_NAME = AccentColor;
				CODE_SIGN_STYLE = Automatic;
				CURRENT_PROJECT_VERSION = 1;
				DEVELOPMENT_ASSET_PATHS = "\"FirebaseBootcamp/Preview Content\"";
				DEVELOPMENT_TEAM = 482344W3R3;
				ENABLE_PREVIEWS = YES;
				GENERATE_INFOPLIST_FILE = YES;
				INFOPLIST_KEY_UIApplicationSceneManifest_Generation = YES;
				INFOPLIST_KEY_UIApplicationSupportsIndirectInputEvents = YES;
				INFOPLIST_KEY_UILaunchScreen_Generation = YES;
				INFOPLIST_KEY_UISupportedInterfaceOrientations_iPad = "UIInterfaceOrientationPortrait UIInterfaceOrientationPortraitUpsideDown UIInterfaceOrientationLandscapeLeft UIInterfaceOrientationLandscapeRight";
				INFOPLIST_KEY_UISupportedInterfaceOrientations_iPhone = "UIInterfaceOrientationPortrait UIInterfaceOrientationLandscapeLeft UIInterfaceOrientationLandscapeRight";
				LD_RUNPATH_SEARCH_PATHS = (
					"$(inherited)",
					"@executable_path/Frameworks",
				);
				MARKETING_VERSION = 1.0;
				PRODUCT_BUNDLE_IDENTIFIER = Artemaj.FirebaseBootcamp;
				PRODUCT_NAME = "$(TARGET_NAME)";
				SWIFT_EMIT_LOC_STRINGS = YES;
				SWIFT_VERSION = 5.0;
				TARGETED_DEVICE_FAMILY = "1,2";
			};
			name = Release;
		};
/* End XCBuildConfiguration section */

/* Begin XCConfigurationList section */
		AC4B97BD2A68AC4700F62455 /* Build configuration list for PBXProject "FirebaseBootcamp" */ = {
			isa = XCConfigurationList;
			buildConfigurations = (
				AC4B97CE2A68AC4800F62455 /* Debug */,
				AC4B97CF2A68AC4800F62455 /* Release */,
			);
			defaultConfigurationIsVisible = 0;
			defaultConfigurationName = Release;
		};
		AC4B97D02A68AC4800F62455 /* Build configuration list for PBXNativeTarget "FirebaseBootcamp" */ = {
			isa = XCConfigurationList;
			buildConfigurations = (
				AC4B97D12A68AC4800F62455 /* Debug */,
				AC4B97D22A68AC4800F62455 /* Release */,
			);
			defaultConfigurationIsVisible = 0;
			defaultConfigurationName = Release;
		};
/* End XCConfigurationList section */

/* Begin XCRemoteSwiftPackageReference section */
		AC4B97D52A68B0EA00F62455 /* XCRemoteSwiftPackageReference "firebase-ios-sdk" */ = {
			isa = XCRemoteSwiftPackageReference;
			repositoryURL = "https://github.com/firebase/firebase-ios-sdk";
			requirement = {
				kind = upToNextMajorVersion;
				minimumVersion = 10.0.0;
			};
		};
/* End XCRemoteSwiftPackageReference section */

/* Begin XCSwiftPackageProductDependency section */
		AC4B97D62A68B0EA00F62455 /* FirebaseAnalytics */ = {
			isa = XCSwiftPackageProductDependency;
			package = AC4B97D52A68B0EA00F62455 /* XCRemoteSwiftPackageReference "firebase-ios-sdk" */;
			productName = FirebaseAnalytics;
		};
		AC4B97D82A68B0EA00F62455 /* FirebaseAnalyticsSwift */ = {
			isa = XCSwiftPackageProductDependency;
			package = AC4B97D52A68B0EA00F62455 /* XCRemoteSwiftPackageReference "firebase-ios-sdk" */;
			productName = FirebaseAnalyticsSwift;
		};
		AC4B97DB2A693E3000F62455 /* FirebaseAuth */ = {
			isa = XCSwiftPackageProductDependency;
			package = AC4B97D52A68B0EA00F62455 /* XCRemoteSwiftPackageReference "firebase-ios-sdk" */;
			productName = FirebaseAuth;
		};
/* End XCSwiftPackageProductDependency section */
	};
	rootObject = AC4B97BA2A68AC4700F62455 /* Project object */;
}
